
Microsoft Visual Studio Solution File, Format Version 12.00
# Visual Studio Version 16
VisualStudioVersion = 16.0.28803.202
MinimumVisualStudioVersion = 10.0.40219.1
Project("{9A19103F-16F7-4668-BE54-9A1E7A4F7556}") = "ObserverPattern", "ObserverPattern\ObserverPattern.csproj", "{048CA5C7-F514-476C-8869-5BEB6CA36535}"
EndProject
Project("{2150E333-8FDC-42A3-9474-1A3956D46DE8}") = "Solution Items", "Solution Items", "{6AF92CFD-A8A9-4705-B9B9-50C3F41D6DDF}"
	ProjectSection(SolutionItems) = preProject
		README.md = README.md
		refresher notes.md = refresher notes.md
	EndProjectSection
EndProject
Project("{9A19103F-16F7-4668-BE54-9A1E7A4F7556}") = "SingletonPattern", "SingletonPattern\SingletonPattern.csproj", "{E9C7B03D-29F4-473C-977E-84E5550F06E8}"
EndProject
Project("{9A19103F-16F7-4668-BE54-9A1E7A4F7556}") = "FacadePattern", "FacadePattern\FacadePattern.csproj", "{E40EC716-2A83-4B7D-97DE-3D6C3C0DD3BB}"
EndProject
Project("{9A19103F-16F7-4668-BE54-9A1E7A4F7556}") = "StrategyPattern", "StrategyPattern\StrategyPattern.csproj", "{BB25EEE9-579F-4AAD-8767-D6E7706D5A89}"
EndProject
Global
	GlobalSection(SolutionConfigurationPlatforms) = preSolution
		Debug|Any CPU = Debug|Any CPU
		Release|Any CPU = Release|Any CPU
	EndGlobalSection
	GlobalSection(ProjectConfigurationPlatforms) = postSolution
		{048CA5C7-F514-476C-8869-5BEB6CA36535}.Debug|Any CPU.ActiveCfg = Debug|Any CPU
		{048CA5C7-F514-476C-8869-5BEB6CA36535}.Debug|Any CPU.Build.0 = Debug|Any CPU
		{048CA5C7-F514-476C-8869-5BEB6CA36535}.Release|Any CPU.ActiveCfg = Release|Any CPU
		{048CA5C7-F514-476C-8869-5BEB6CA36535}.Release|Any CPU.Build.0 = Release|Any CPU
		{E9C7B03D-29F4-473C-977E-84E5550F06E8}.Debug|Any CPU.ActiveCfg = Debug|Any CPU
		{E9C7B03D-29F4-473C-977E-84E5550F06E8}.Debug|Any CPU.Build.0 = Debug|Any CPU
		{E9C7B03D-29F4-473C-977E-84E5550F06E8}.Release|Any CPU.ActiveCfg = Release|Any CPU
		{E9C7B03D-29F4-473C-977E-84E5550F06E8}.Release|Any CPU.Build.0 = Release|Any CPU
		{E40EC716-2A83-4B7D-97DE-3D6C3C0DD3BB}.Debug|Any CPU.ActiveCfg = Debug|Any CPU
		{E40EC716-2A83-4B7D-97DE-3D6C3C0DD3BB}.Debug|Any CPU.Build.0 = Debug|Any CPU
		{E40EC716-2A83-4B7D-97DE-3D6C3C0DD3BB}.Release|Any CPU.ActiveCfg = Release|Any CPU
		{E40EC716-2A83-4B7D-97DE-3D6C3C0DD3BB}.Release|Any CPU.Build.0 = Release|Any CPU
		{BB25EEE9-579F-4AAD-8767-D6E7706D5A89}.Debug|Any CPU.ActiveCfg = Debug|Any CPU
		{BB25EEE9-579F-4AAD-8767-D6E7706D5A89}.Debug|Any CPU.Build.0 = Debug|Any CPU
		{BB25EEE9-579F-4AAD-8767-D6E7706D5A89}.Release|Any CPU.ActiveCfg = Release|Any CPU
		{BB25EEE9-579F-4AAD-8767-D6E7706D5A89}.Release|Any CPU.Build.0 = Release|Any CPU
	EndGlobalSection
	GlobalSection(SolutionProperties) = preSolution
		HideSolutionNode = FALSE
	EndGlobalSection
	GlobalSection(ExtensibilityGlobals) = postSolution
		SolutionGuid = {B3EC80D9-254D-4129-AEEB-5155C12D302F}
	EndGlobalSection
EndGlobal
